{
    "version": 3,
    "terraform_version": "0.11.1",
    "serial": 2,
    "lineage": "e5dc81db-752e-4156-b8b2-7d8f12e2f749",
    "modules": [
        {
            "path": [
                "root"
            ],
            "outputs": {},
            "resources": {},
            "depends_on": []
        },
        {
            "path": [
                "root",
                "vpc"
            ],
            "outputs": {
                "default_network_acl_id": {
                    "sensitive": false,
                    "type": "string",
                    "value": "acl-ef61fb94"
                },
                "default_security_group_id": {
                    "sensitive": false,
                    "type": "string",
                    "value": "sg-9c849de8"
                },
                "igw_id": {
                    "sensitive": false,
                    "type": "list",
                    "value": [
                        "igw-239d9b5a"
                    ]
                },
                "nat_eips": {
                    "sensitive": false,
                    "type": "list",
                    "value": [
                        "eipalloc-3fa0a908",
                        "eipalloc-ecafa6db"
                    ]
                },
                "nat_eips_public_ips": {
                    "sensitive": false,
                    "type": "list",
                    "value": [
                        "34.238.93.216",
                        "54.86.125.115"
                    ]
                },
                "natgw_ids": {
                    "sensitive": false,
                    "type": "list",
                    "value": [
                        "nat-0492d4deaa0cb9fb1",
                        "nat-00f4c969098309860"
                    ]
                },
                "private_route_table_ids": {
                    "sensitive": false,
                    "type": "list",
                    "value": [
                        "rtb-930458ee",
                        "rtb-d4174ba9"
                    ]
                },
                "public_route_table_ids": {
                    "sensitive": false,
                    "type": "list",
                    "value": [
                        "rtb-ad0955d0"
                    ]
                },
                "security_group_id": {
                    "sensitive": false,
                    "type": "string",
                    "value": "sg-7abfa60e"
                },
                "vpc-id": {
                    "sensitive": false,
                    "type": "string",
                    "value": "vpc-11253369"
                },
                "vpc-privatesubnet-ids": {
                    "sensitive": false,
                    "type": "list",
                    "value": [
                        "subnet-f38de0ae"
                    ]
                },
                "vpc-privatesubnets": {
                    "sensitive": false,
                    "type": "list",
                    "value": [
                        "172.31.64.0/20"
                    ]
                },
                "vpc-publicsubnet-ids": {
                    "sensitive": false,
                    "type": "list",
                    "value": [
                        "subnet-abbed3f6"
                    ]
                },
                "vpc-publicsubnets": {
                    "sensitive": false,
                    "type": "list",
                    "value": [
                        "172.31.80.0/20"
                    ]
                },
                "vpc_cidr_block": {
                    "sensitive": false,
                    "type": "string",
                    "value": "172.31.0.0/16"
                }
            },
            "resources": {
                "aws_eip.nat_eip.0": {
                    "type": "aws_eip",
                    "depends_on": [
                        "aws_internet_gateway.internet_gw"
                    ],
                    "primary": {
                        "id": "eipalloc-3fa0a908",
                        "attributes": {
                            "association_id": "",
                            "domain": "vpc",
                            "id": "eipalloc-3fa0a908",
                            "instance": "",
                            "network_interface": "",
                            "private_ip": "",
                            "public_ip": "34.238.93.216",
                            "tags.%": "0",
                            "vpc": "true"
                        },
                        "meta": {},
                        "tainted": false
                    },
                    "deposed": [],
                    "provider": "provider.aws"
                },
                "aws_eip.nat_eip.1": {
                    "type": "aws_eip",
                    "depends_on": [
                        "aws_internet_gateway.internet_gw"
                    ],
                    "primary": {
                        "id": "eipalloc-ecafa6db",
                        "attributes": {
                            "association_id": "",
                            "domain": "vpc",
                            "id": "eipalloc-ecafa6db",
                            "instance": "",
                            "network_interface": "",
                            "private_ip": "",
                            "public_ip": "54.86.125.115",
                            "tags.%": "0",
                            "vpc": "true"
                        },
                        "meta": {},
                        "tainted": false
                    },
                    "deposed": [],
                    "provider": "provider.aws"
                },
                "aws_internet_gateway.internet_gw": {
                    "type": "aws_internet_gateway",
                    "depends_on": [
                        "aws_vpc.vpc"
                    ],
                    "primary": {
                        "id": "igw-239d9b5a",
                        "attributes": {
                            "id": "igw-239d9b5a",
                            "tags.%": "4",
                            "tags.Createdby": "Vitaliy Natarov",
                            "tags.Environment": "PROD",
                            "tags.Name": "internet-gateway to main-vpc-PROD",
                            "tags.Orchestration": "Terraform",
                            "vpc_id": "vpc-11253369"
                        },
                        "meta": {},
                        "tainted": false
                    },
                    "deposed": [],
                    "provider": "provider.aws"
                },
                "aws_nat_gateway.nat_gw.0": {
                    "type": "aws_nat_gateway",
                    "depends_on": [
                        "aws_eip.nat_eip.*",
                        "aws_internet_gateway.internet_gw",
                        "aws_subnet.public_subnets.*"
                    ],
                    "primary": {
                        "id": "nat-0492d4deaa0cb9fb1",
                        "attributes": {
                            "allocation_id": "eipalloc-3fa0a908",
                            "id": "nat-0492d4deaa0cb9fb1",
                            "network_interface_id": "eni-9f3f4843",
                            "private_ip": "172.31.93.19",
                            "public_ip": "34.238.93.216",
                            "subnet_id": "subnet-abbed3f6",
                            "tags.%": "0"
                        },
                        "meta": {},
                        "tainted": false
                    },
                    "deposed": [],
                    "provider": "provider.aws"
                },
                "aws_nat_gateway.nat_gw.1": {
                    "type": "aws_nat_gateway",
                    "depends_on": [
                        "aws_eip.nat_eip.*",
                        "aws_internet_gateway.internet_gw",
                        "aws_subnet.public_subnets.*"
                    ],
                    "primary": {
                        "id": "nat-00f4c969098309860",
                        "attributes": {
                            "allocation_id": "eipalloc-ecafa6db",
                            "id": "nat-00f4c969098309860",
                            "network_interface_id": "eni-f730472b",
                            "private_ip": "172.31.90.248",
                            "public_ip": "54.86.125.115",
                            "subnet_id": "subnet-abbed3f6",
                            "tags.%": "0"
                        },
                        "meta": {},
                        "tainted": false
                    },
                    "deposed": [],
                    "provider": "provider.aws"
                },
                "aws_route.private_nat_gateway.0": {
                    "type": "aws_route",
                    "depends_on": [
                        "aws_nat_gateway.nat_gw.*",
                        "aws_route_table.private_route_tables.*"
                    ],
                    "primary": {
                        "id": "r-rtb-930458ee1080289494",
                        "attributes": {
                            "destination_cidr_block": "0.0.0.0/0",
                            "destination_prefix_list_id": "",
                            "egress_only_gateway_id": "",
                            "gateway_id": "",
                            "id": "r-rtb-930458ee1080289494",
                            "instance_id": "",
                            "instance_owner_id": "",
                            "nat_gateway_id": "nat-0492d4deaa0cb9fb1",
                            "network_interface_id": "",
                            "origin": "CreateRoute",
                            "route_table_id": "rtb-930458ee",
                            "state": "active",
                            "vpc_peering_connection_id": ""
                        },
                        "meta": {},
                        "tainted": false
                    },
                    "deposed": [],
                    "provider": "provider.aws"
                },
                "aws_route.private_nat_gateway.1": {
                    "type": "aws_route",
                    "depends_on": [
                        "aws_nat_gateway.nat_gw.*",
                        "aws_route_table.private_route_tables.*"
                    ],
                    "primary": {
                        "id": "r-rtb-d4174ba91080289494",
                        "attributes": {
                            "destination_cidr_block": "0.0.0.0/0",
                            "destination_prefix_list_id": "",
                            "egress_only_gateway_id": "",
                            "gateway_id": "",
                            "id": "r-rtb-d4174ba91080289494",
                            "instance_id": "",
                            "instance_owner_id": "",
                            "nat_gateway_id": "nat-00f4c969098309860",
                            "network_interface_id": "",
                            "origin": "CreateRoute",
                            "route_table_id": "rtb-d4174ba9",
                            "state": "active",
                            "vpc_peering_connection_id": ""
                        },
                        "meta": {},
                        "tainted": false
                    },
                    "deposed": [],
                    "provider": "provider.aws"
                },
                "aws_route.public_internet_gateway": {
                    "type": "aws_route",
                    "depends_on": [
                        "aws_internet_gateway.internet_gw",
                        "aws_route_table.public_route_tables"
                    ],
                    "primary": {
                        "id": "r-rtb-ad0955d01080289494",
                        "attributes": {
                            "destination_cidr_block": "0.0.0.0/0",
                            "destination_prefix_list_id": "",
                            "egress_only_gateway_id": "",
                            "gateway_id": "igw-239d9b5a",
                            "id": "r-rtb-ad0955d01080289494",
                            "instance_id": "",
                            "instance_owner_id": "",
                            "nat_gateway_id": "",
                            "network_interface_id": "",
                            "origin": "CreateRoute",
                            "route_table_id": "rtb-ad0955d0",
                            "state": "active",
                            "vpc_peering_connection_id": ""
                        },
                        "meta": {},
                        "tainted": false
                    },
                    "deposed": [],
                    "provider": "provider.aws"
                },
                "aws_route_table.private_route_tables.0": {
                    "type": "aws_route_table",
                    "depends_on": [
                        "aws_vpc.vpc"
                    ],
                    "primary": {
                        "id": "rtb-930458ee",
                        "attributes": {
                            "id": "rtb-930458ee",
                            "propagating_vgws.#": "0",
                            "route.#": "0",
                            "tags.%": "4",
                            "tags.Createdby": "Vitaliy Natarov",
                            "tags.Environment": "PROD",
                            "tags.Name": "private_route_tables",
                            "tags.Orchestration": "Terraform",
                            "vpc_id": "vpc-11253369"
                        },
                        "meta": {},
                        "tainted": false
                    },
                    "deposed": [],
                    "provider": "provider.aws"
                },
                "aws_route_table.private_route_tables.1": {
                    "type": "aws_route_table",
                    "depends_on": [
                        "aws_vpc.vpc"
                    ],
                    "primary": {
                        "id": "rtb-d4174ba9",
                        "attributes": {
                            "id": "rtb-d4174ba9",
                            "propagating_vgws.#": "0",
                            "route.#": "0",
                            "tags.%": "4",
                            "tags.Createdby": "Vitaliy Natarov",
                            "tags.Environment": "PROD",
                            "tags.Name": "private_route_tables",
                            "tags.Orchestration": "Terraform",
                            "vpc_id": "vpc-11253369"
                        },
                        "meta": {},
                        "tainted": false
                    },
                    "deposed": [],
                    "provider": "provider.aws"
                },
                "aws_route_table.public_route_tables": {
                    "type": "aws_route_table",
                    "depends_on": [
                        "aws_vpc.vpc"
                    ],
                    "primary": {
                        "id": "rtb-ad0955d0",
                        "attributes": {
                            "id": "rtb-ad0955d0",
                            "propagating_vgws.#": "0",
                            "route.#": "0",
                            "tags.%": "4",
                            "tags.Createdby": "Vitaliy Natarov",
                            "tags.Environment": "PROD",
                            "tags.Name": "public_route_tables",
                            "tags.Orchestration": "Terraform",
                            "vpc_id": "vpc-11253369"
                        },
                        "meta": {},
                        "tainted": false
                    },
                    "deposed": [],
                    "provider": "provider.aws"
                },
                "aws_route_table_association.private_route_table_associations": {
                    "type": "aws_route_table_association",
                    "depends_on": [
                        "aws_route_table.private_route_tables.*",
                        "aws_subnet.private_subnets.*"
                    ],
                    "primary": {
                        "id": "rtbassoc-74e05508",
                        "attributes": {
                            "id": "rtbassoc-74e05508",
                            "route_table_id": "rtb-930458ee",
                            "subnet_id": "subnet-f38de0ae"
                        },
                        "meta": {},
                        "tainted": false
                    },
                    "deposed": [],
                    "provider": "provider.aws"
                },
                "aws_route_table_association.public_route_table_associations": {
                    "type": "aws_route_table_association",
                    "depends_on": [
                        "aws_route_table.public_route_tables",
                        "aws_subnet.public_subnets.*"
                    ],
                    "primary": {
                        "id": "rtbassoc-b8e055c4",
                        "attributes": {
                            "id": "rtbassoc-b8e055c4",
                            "route_table_id": "rtb-ad0955d0",
                            "subnet_id": "subnet-abbed3f6"
                        },
                        "meta": {},
                        "tainted": false
                    },
                    "deposed": [],
                    "provider": "provider.aws"
                },
                "aws_security_group.sg": {
                    "type": "aws_security_group",
                    "depends_on": [
                        "aws_vpc.vpc"
                    ],
                    "primary": {
                        "id": "sg-7abfa60e",
                        "attributes": {
                            "description": "Security Group main-sg-PROD",
                            "egress.#": "1",
                            "egress.2541437006.cidr_blocks.#": "1",
                            "egress.2541437006.cidr_blocks.0": "0.0.0.0/0",
                            "egress.2541437006.description": "",
                            "egress.2541437006.from_port": "22",
                            "egress.2541437006.ipv6_cidr_blocks.#": "0",
                            "egress.2541437006.prefix_list_ids.#": "0",
                            "egress.2541437006.protocol": "tcp",
                            "egress.2541437006.security_groups.#": "0",
                            "egress.2541437006.self": "false",
                            "egress.2541437006.to_port": "22",
                            "id": "sg-7abfa60e",
                            "ingress.#": "1",
                            "ingress.2541437006.cidr_blocks.#": "1",
                            "ingress.2541437006.cidr_blocks.0": "0.0.0.0/0",
                            "ingress.2541437006.description": "",
                            "ingress.2541437006.from_port": "22",
                            "ingress.2541437006.ipv6_cidr_blocks.#": "0",
                            "ingress.2541437006.protocol": "tcp",
                            "ingress.2541437006.security_groups.#": "0",
                            "ingress.2541437006.self": "false",
                            "ingress.2541437006.to_port": "22",
                            "name": "main-sg-PROD",
                            "owner_id": "316963130188",
                            "revoke_rules_on_delete": "false",
                            "tags.%": "4",
                            "tags.Createdby": "Vitaliy Natarov",
                            "tags.Environment": "PROD",
                            "tags.Name": "main-sg-PROD",
                            "tags.Orchestration": "Terraform",
                            "vpc_id": "vpc-11253369"
                        },
                        "meta": {
                            "schema_version": "1"
                        },
                        "tainted": false
                    },
                    "deposed": [],
                    "provider": "provider.aws"
                },
                "aws_security_group_rule.egress_ports.0": {
                    "type": "aws_security_group_rule",
                    "depends_on": [
                        "aws_security_group.sg"
                    ],
                    "primary": {
                        "id": "sgrule-2277967004",
                        "attributes": {
                            "cidr_blocks.#": "1",
                            "cidr_blocks.0": "0.0.0.0/0",
                            "from_port": "80",
                            "id": "sgrule-2277967004",
                            "protocol": "tcp",
                            "security_group_id": "sg-7abfa60e",
                            "self": "false",
                            "to_port": "80",
                            "type": "egress"
                        },
                        "meta": {
                            "schema_version": "2"
                        },
                        "tainted": false
                    },
                    "deposed": [],
                    "provider": "provider.aws"
                },
                "aws_security_group_rule.egress_ports.1": {
                    "type": "aws_security_group_rule",
                    "depends_on": [
                        "aws_security_group.sg"
                    ],
                    "primary": {
                        "id": "sgrule-294413802",
                        "attributes": {
                            "cidr_blocks.#": "1",
                            "cidr_blocks.0": "0.0.0.0/0",
                            "from_port": "3272",
                            "id": "sgrule-294413802",
                            "protocol": "tcp",
                            "security_group_id": "sg-7abfa60e",
                            "self": "false",
                            "to_port": "3272",
                            "type": "egress"
                        },
                        "meta": {
                            "schema_version": "2"
                        },
                        "tainted": false
                    },
                    "deposed": [],
                    "provider": "provider.aws"
                },
                "aws_security_group_rule.egress_ports.2": {
                    "type": "aws_security_group_rule",
                    "depends_on": [
                        "aws_security_group.sg"
                    ],
                    "primary": {
                        "id": "sgrule-1920725605",
                        "attributes": {
                            "cidr_blocks.#": "1",
                            "cidr_blocks.0": "0.0.0.0/0",
                            "from_port": "8888",
                            "id": "sgrule-1920725605",
                            "protocol": "tcp",
                            "security_group_id": "sg-7abfa60e",
                            "self": "false",
                            "to_port": "8888",
                            "type": "egress"
                        },
                        "meta": {
                            "schema_version": "2"
                        },
                        "tainted": false
                    },
                    "deposed": [],
                    "provider": "provider.aws"
                },
                "aws_security_group_rule.egress_ports.3": {
                    "type": "aws_security_group_rule",
                    "depends_on": [
                        "aws_security_group.sg"
                    ],
                    "primary": {
                        "id": "sgrule-622609075",
                        "attributes": {
                            "cidr_blocks.#": "1",
                            "cidr_blocks.0": "0.0.0.0/0",
                            "from_port": "8444",
                            "id": "sgrule-622609075",
                            "protocol": "tcp",
                            "security_group_id": "sg-7abfa60e",
                            "self": "false",
                            "to_port": "8444",
                            "type": "egress"
                        },
                        "meta": {
                            "schema_version": "2"
                        },
                        "tainted": false
                    },
                    "deposed": [],
                    "provider": "provider.aws"
                },
                "aws_security_group_rule.ingress_ports.0": {
                    "type": "aws_security_group_rule",
                    "depends_on": [
                        "aws_security_group.sg"
                    ],
                    "primary": {
                        "id": "sgrule-2067544895",
                        "attributes": {
                            "cidr_blocks.#": "1",
                            "cidr_blocks.0": "0.0.0.0/0",
                            "from_port": "80",
                            "id": "sgrule-2067544895",
                            "protocol": "tcp",
                            "security_group_id": "sg-7abfa60e",
                            "self": "false",
                            "to_port": "80",
                            "type": "ingress"
                        },
                        "meta": {
                            "schema_version": "2"
                        },
                        "tainted": false
                    },
                    "deposed": [],
                    "provider": "provider.aws"
                },
                "aws_security_group_rule.ingress_ports.1": {
                    "type": "aws_security_group_rule",
                    "depends_on": [
                        "aws_security_group.sg"
                    ],
                    "primary": {
                        "id": "sgrule-3268191319",
                        "attributes": {
                            "cidr_blocks.#": "1",
                            "cidr_blocks.0": "0.0.0.0/0",
                            "from_port": "3272",
                            "id": "sgrule-3268191319",
                            "protocol": "tcp",
                            "security_group_id": "sg-7abfa60e",
                            "self": "false",
                            "to_port": "3272",
                            "type": "ingress"
                        },
                        "meta": {
                            "schema_version": "2"
                        },
                        "tainted": false
                    },
                    "deposed": [],
                    "provider": "provider.aws"
                },
                "aws_security_group_rule.ingress_ports.2": {
                    "type": "aws_security_group_rule",
                    "depends_on": [
                        "aws_security_group.sg"
                    ],
                    "primary": {
                        "id": "sgrule-3215510897",
                        "attributes": {
                            "cidr_blocks.#": "1",
                            "cidr_blocks.0": "0.0.0.0/0",
                            "from_port": "8888",
                            "id": "sgrule-3215510897",
                            "protocol": "tcp",
                            "security_group_id": "sg-7abfa60e",
                            "self": "false",
                            "to_port": "8888",
                            "type": "ingress"
                        },
                        "meta": {
                            "schema_version": "2"
                        },
                        "tainted": false
                    },
                    "deposed": [],
                    "provider": "provider.aws"
                },
                "aws_security_group_rule.ingress_ports.3": {
                    "type": "aws_security_group_rule",
                    "depends_on": [
                        "aws_security_group.sg"
                    ],
                    "primary": {
                        "id": "sgrule-3494894880",
                        "attributes": {
                            "cidr_blocks.#": "1",
                            "cidr_blocks.0": "0.0.0.0/0",
                            "from_port": "8444",
                            "id": "sgrule-3494894880",
                            "protocol": "tcp",
                            "security_group_id": "sg-7abfa60e",
                            "self": "false",
                            "to_port": "8444",
                            "type": "ingress"
                        },
                        "meta": {
                            "schema_version": "2"
                        },
                        "tainted": false
                    },
                    "deposed": [],
                    "provider": "provider.aws"
                },
                "aws_subnet.private_subnets": {
                    "type": "aws_subnet",
                    "depends_on": [
                        "aws_vpc.vpc"
                    ],
                    "primary": {
                        "id": "subnet-f38de0ae",
                        "attributes": {
                            "assign_ipv6_address_on_creation": "false",
                            "availability_zone": "us-east-1a",
                            "cidr_block": "172.31.64.0/20",
                            "id": "subnet-f38de0ae",
                            "map_public_ip_on_launch": "false",
                            "tags.%": "4",
                            "tags.Createdby": "Vitaliy Natarov",
                            "tags.Environment": "PROD",
                            "tags.Name": "private_subnet-us-east-1a",
                            "tags.Orchestration": "Terraform",
                            "vpc_id": "vpc-11253369"
                        },
                        "meta": {
                            "schema_version": "1"
                        },
                        "tainted": false
                    },
                    "deposed": [],
                    "provider": "provider.aws"
                },
                "aws_subnet.public_subnets": {
                    "type": "aws_subnet",
                    "depends_on": [
                        "aws_vpc.vpc"
                    ],
                    "primary": {
                        "id": "subnet-abbed3f6",
                        "attributes": {
                            "assign_ipv6_address_on_creation": "false",
                            "availability_zone": "us-east-1a",
                            "cidr_block": "172.31.80.0/20",
                            "id": "subnet-abbed3f6",
                            "map_public_ip_on_launch": "true",
                            "tags.%": "4",
                            "tags.Createdby": "Vitaliy Natarov",
                            "tags.Environment": "PROD",
                            "tags.Name": "public_subnet-us-east-1a",
                            "tags.Orchestration": "Terraform",
                            "vpc_id": "vpc-11253369"
                        },
                        "meta": {
                            "schema_version": "1"
                        },
                        "tainted": false
                    },
                    "deposed": [],
                    "provider": "provider.aws"
                },
                "aws_vpc.vpc": {
                    "type": "aws_vpc",
                    "depends_on": [],
                    "primary": {
                        "id": "vpc-11253369",
                        "attributes": {
                            "assign_generated_ipv6_cidr_block": "false",
                            "cidr_block": "172.31.0.0/16",
                            "default_network_acl_id": "acl-ef61fb94",
                            "default_route_table_id": "rtb-da174ba7",
                            "default_security_group_id": "sg-9c849de8",
                            "dhcp_options_id": "dopt-ffd10f99",
                            "enable_classiclink": "false",
                            "enable_classiclink_dns_support": "false",
                            "enable_dns_hostnames": "true",
                            "enable_dns_support": "true",
                            "id": "vpc-11253369",
                            "instance_tenancy": "dedicated",
                            "main_route_table_id": "rtb-da174ba7",
                            "tags.%": "4",
                            "tags.Createdby": "Vitaliy Natarov",
                            "tags.Environment": "PROD",
                            "tags.Name": "main-vpc-prod",
                            "tags.Orchestration": "Terraform"
                        },
                        "meta": {
                            "schema_version": "1"
                        },
                        "tainted": false
                    },
                    "deposed": [],
                    "provider": "provider.aws"
                }
            },
            "depends_on": []
        }
    ]
}
