{
    "version": 3,
    "terraform_version": "0.11.1",
    "serial": 139,
    "lineage": "bbb0abe2-ad8b-4c70-b3e1-a971d29c3012",
    "modules": [
        {
            "path": [
                "root"
            ],
            "outputs": {},
            "resources": {},
            "depends_on": []
        },
        {
            "path": [
                "root",
                "ec2"
            ],
            "outputs": {
                "availability_zone": {
                    "sensitive": false,
                    "type": "list",
                    "value": [
                        "us-east-1a"
                    ]
                },
                "instance_ids": {
                    "sensitive": false,
                    "type": "list",
                    "value": [
                        "i-0efa9a40127020f41"
                    ]
                },
                "key_name": {
                    "sensitive": false,
                    "type": "list",
                    "value": [
                        ""
                    ]
                },
                "key_pair_id": {
                    "sensitive": false,
                    "type": "string",
                    "value": "aws_key_pair.key_pair.id"
                },
                "network_interface_id": {
                    "sensitive": false,
                    "type": "list",
                    "value": [
                        "eni-6a237cb6"
                    ]
                },
                "primary_network_interface_id": {
                    "sensitive": false,
                    "type": "list",
                    "value": [
                        "eni-6a237cb6"
                    ]
                },
                "private_dns": {
                    "sensitive": false,
                    "type": "list",
                    "value": [
                        "ip-172-31-0-98.ec2.internal"
                    ]
                },
                "private_ip": {
                    "sensitive": false,
                    "type": "list",
                    "value": [
                        "172.31.0.98"
                    ]
                },
                "public_dns": {
                    "sensitive": false,
                    "type": "list",
                    "value": [
                        "ec2-52-91-157-157.compute-1.amazonaws.com"
                    ]
                },
                "public_ip": {
                    "sensitive": false,
                    "type": "list",
                    "value": [
                        "52.91.157.157"
                    ]
                },
                "security_groups": {
                    "sensitive": false,
                    "type": "list",
                    "value": [
                        []
                    ]
                },
                "subnet_id": {
                    "sensitive": false,
                    "type": "list",
                    "value": [
                        "subnet-ff7b12a2"
                    ]
                },
                "tags": {
                    "sensitive": false,
                    "type": "list",
                    "value": [
                        {
                            "Createdby": "Vitaliy Natarov",
                            "Environment": "PROD",
                            "Name": "test-machine-ec2-prod-1",
                            "Orchestration": "Terraform"
                        }
                    ]
                },
                "vpc_security_group_ids": {
                    "sensitive": false,
                    "type": "list",
                    "value": [
                        [
                            "sg-fb92638c"
                        ]
                    ]
                }
            },
            "resources": {
                "aws_instance.instance": {
                    "type": "aws_instance",
                    "depends_on": [],
                    "primary": {
                        "id": "i-0efa9a40127020f41",
                        "attributes": {
                            "ami": "ami-46c1b650",
                            "associate_public_ip_address": "true",
                            "availability_zone": "us-east-1a",
                            "disable_api_termination": "false",
                            "ebs_block_device.#": "0",
                            "ebs_optimized": "false",
                            "ephemeral_block_device.#": "0",
                            "iam_instance_profile": "TEST-AIM2-profile-PROD",
                            "id": "i-0efa9a40127020f41",
                            "instance_state": "running",
                            "instance_type": "t2.micro",
                            "ipv6_address_count": "0",
                            "ipv6_addresses.#": "0",
                            "key_name": "",
                            "monitoring": "true",
                            "network_interface.#": "0",
                            "network_interface_id": "eni-6a237cb6",
                            "placement_group": "",
                            "primary_network_interface_id": "eni-6a237cb6",
                            "private_dns": "ip-172-31-0-98.ec2.internal",
                            "private_ip": "172.31.0.98",
                            "public_dns": "ec2-52-91-157-157.compute-1.amazonaws.com",
                            "public_ip": "52.91.157.157",
                            "root_block_device.#": "1",
                            "root_block_device.0.delete_on_termination": "true",
                            "root_block_device.0.iops": "0",
                            "root_block_device.0.volume_id": "vol-06ec68f6993ebf367",
                            "root_block_device.0.volume_size": "8",
                            "root_block_device.0.volume_type": "standard",
                            "security_groups.#": "0",
                            "source_dest_check": "false",
                            "subnet_id": "subnet-ff7b12a2",
                            "tags.%": "4",
                            "tags.Createdby": "Vitaliy Natarov",
                            "tags.Environment": "PROD",
                            "tags.Name": "test-machine-ec2-prod-1",
                            "tags.Orchestration": "Terraform",
                            "tenancy": "default",
                            "volume_tags.%": "0",
                            "vpc_security_group_ids.#": "1",
                            "vpc_security_group_ids.2394080829": "sg-fb92638c"
                        },
                        "meta": {
                            "e2bfb730-ecaa-11e6-8f88-34363bc7c4c0": {
                                "create": 600000000000,
                                "delete": 600000000000,
                                "update": 600000000000
                            },
                            "schema_version": "1"
                        },
                        "tainted": false
                    },
                    "deposed": [],
                    "provider": "provider.aws"
                },
                "aws_key_pair.key_pair": {
                    "type": "aws_key_pair",
                    "depends_on": [],
                    "primary": {
                        "id": "TEST-Machine-key_pair",
                        "attributes": {
                            "id": "TEST-Machine-key_pair",
                            "key_name": "TEST-Machine-key_pair",
                            "public_key": "ssh-rsa AAAAB3NzaC1yc2EAAAADAQABAAABAQDQRWeMRdjiM7ajfVKSiIRi7+keBkygCTwzPivypNDO9ihSMpJbg++zXQRuNgIsI0b9wLgqx3mPKrvHP0Bfee7K8H8zuhL5nhPIsIFCODKVWUUiRC+Z34BAZ2Q4aeW50TRFWcnefbo/7bCt2MjWJompdWjJqalT81XNlrNZ9tpzJOvqHQq3Q5zYSMYmFAovzg+z4z/2b3h3Xkm8hFWz9E2Xanq8nQ+Lnny2/3E8LhO5dUTXFed/HOhgWrNjKpitTEOeQyWwFd0gEWM7nI+c6JR85mTUUQXI0yN4rlnxRxz5Bey02CbRcPCZsIMq503rSbPFQKqu192b865UmDPc/AC5 captain@Macbook"
                        },
                        "meta": {
                            "schema_version": "1"
                        },
                        "tainted": false
                    },
                    "deposed": [],
                    "provider": "provider.aws"
                }
            },
            "depends_on": []
        },
        {
            "path": [
                "root",
                "iam"
            ],
            "outputs": {
                "AWS region": {
                    "sensitive": false,
                    "type": "string",
                    "value": "us-east-1"
                },
                "instance_profile_id": {
                    "sensitive": false,
                    "type": "string",
                    "value": "TEST-AIM2-profile-PROD"
                },
                "instance_profile_uid": {
                    "sensitive": false,
                    "type": "string",
                    "value": "AIPAJ3HHPQ4RS6MMD54GE"
                },
                "policy_name": {
                    "sensitive": false,
                    "type": "string",
                    "value": "TEST-AIM2-policy-PROD"
                },
                "role_arn": {
                    "sensitive": false,
                    "type": "string",
                    "value": "arn:aws:iam::316963130188:role/TEST-AIM2-role-PROD"
                },
                "role_id": {
                    "sensitive": false,
                    "type": "string",
                    "value": "TEST-AIM2-role-PROD"
                },
                "role_name": {
                    "sensitive": false,
                    "type": "string",
                    "value": "TEST-AIM2-role-PROD"
                }
            },
            "resources": {
                "aws_iam_instance_profile.profile": {
                    "type": "aws_iam_instance_profile",
                    "depends_on": [
                        "aws_iam_role.role"
                    ],
                    "primary": {
                        "id": "TEST-AIM2-profile-PROD",
                        "attributes": {
                            "arn": "arn:aws:iam::316963130188:instance-profile/TEST-AIM2-profile-PROD",
                            "id": "TEST-AIM2-profile-PROD",
                            "name": "TEST-AIM2-profile-PROD",
                            "path": "/",
                            "role": "TEST-AIM2-role-PROD",
                            "roles.#": "0",
                            "unique_id": "AIPAJ3HHPQ4RS6MMD54GE"
                        },
                        "meta": {},
                        "tainted": false
                    },
                    "deposed": [],
                    "provider": "provider.aws"
                },
                "aws_iam_policy.policy": {
                    "type": "aws_iam_policy",
                    "depends_on": [
                        "data.aws_iam_policy_document.policy-document"
                    ],
                    "primary": {
                        "id": "arn:aws:iam::316963130188:policy/TEST-AIM2-policy-PROD",
                        "attributes": {
                            "arn": "arn:aws:iam::316963130188:policy/TEST-AIM2-policy-PROD",
                            "description": "AIM TEST-AIM2-policy-PROD policy",
                            "id": "arn:aws:iam::316963130188:policy/TEST-AIM2-policy-PROD",
                            "name": "TEST-AIM2-policy-PROD",
                            "path": "/",
                            "policy": "{\n  \"Version\": \"2012-10-17\",\n  \"Statement\": [\n    {\n      \"Sid\": \"\",\n      \"Effect\": \"Allow\",\n      \"Action\": [\n        \"rds:ListTagsForResource\",\n        \"rds:Describe*\",\n        \"logs:GetLogEvents\",\n        \"logs:DescribeLogStreams\",\n        \"elasticache:Describe*\",\n        \"ec2:Owner\",\n        \"ec2:DescribeVpcs\",\n        \"ec2:DescribeSecurityGroups\",\n        \"ec2:DescribeAvailabilityZones\",\n        \"ec2:DescribeAccountAttributes\",\n        \"cloudwatch:GetMetricStatistics\"\n      ],\n      \"Resource\": \"*\"\n    }\n  ]\n}"
                        },
                        "meta": {},
                        "tainted": false
                    },
                    "deposed": [],
                    "provider": "provider.aws"
                },
                "aws_iam_policy_attachment.iam_policy_attachment": {
                    "type": "aws_iam_policy_attachment",
                    "depends_on": [
                        "aws_iam_policy.policy",
                        "aws_iam_role.role"
                    ],
                    "primary": {
                        "id": "TEST-AIM2-iam_policy_attachment-PROD",
                        "attributes": {
                            "groups.#": "0",
                            "id": "TEST-AIM2-iam_policy_attachment-PROD",
                            "name": "TEST-AIM2-iam_policy_attachment-PROD",
                            "policy_arn": "arn:aws:iam::316963130188:policy/TEST-AIM2-policy-PROD",
                            "roles.#": "1",
                            "roles.2553349509": "TEST-AIM2-role-PROD",
                            "users.#": "0"
                        },
                        "meta": {},
                        "tainted": false
                    },
                    "deposed": [],
                    "provider": "provider.aws"
                },
                "aws_iam_role.role": {
                    "type": "aws_iam_role",
                    "depends_on": [
                        "data.aws_iam_policy_document.role-policy-document"
                    ],
                    "primary": {
                        "id": "TEST-AIM2-role-PROD",
                        "attributes": {
                            "arn": "arn:aws:iam::316963130188:role/TEST-AIM2-role-PROD",
                            "assume_role_policy": "{\"Version\":\"2012-10-17\",\"Statement\":[{\"Sid\":\"\",\"Effect\":\"Allow\",\"Principal\":{\"Service\":\"ec2.amazonaws.com\"},\"Action\":\"sts:AssumeRole\"}]}",
                            "create_date": "2018-01-27T00:40:22Z",
                            "description": "IMA TEST-AIM2-role-PROD role",
                            "force_detach_policies": "false",
                            "id": "TEST-AIM2-role-PROD",
                            "name": "TEST-AIM2-role-PROD",
                            "path": "/",
                            "unique_id": "AROAJ24K6PVKCNTAUM3MO"
                        },
                        "meta": {},
                        "tainted": false
                    },
                    "deposed": [],
                    "provider": "provider.aws"
                },
                "data.aws_iam_policy_document.policy-document": {
                    "type": "aws_iam_policy_document",
                    "depends_on": [],
                    "primary": {
                        "id": "945166929",
                        "attributes": {
                            "id": "945166929",
                            "json": "{\n  \"Version\": \"2012-10-17\",\n  \"Statement\": [\n    {\n      \"Sid\": \"\",\n      \"Effect\": \"Allow\",\n      \"Action\": [\n        \"rds:ListTagsForResource\",\n        \"rds:Describe*\",\n        \"logs:GetLogEvents\",\n        \"logs:DescribeLogStreams\",\n        \"elasticache:Describe*\",\n        \"ec2:Owner\",\n        \"ec2:DescribeVpcs\",\n        \"ec2:DescribeSecurityGroups\",\n        \"ec2:DescribeAvailabilityZones\",\n        \"ec2:DescribeAccountAttributes\",\n        \"cloudwatch:GetMetricStatistics\"\n      ],\n      \"Resource\": \"*\"\n    }\n  ]\n}",
                            "statement.#": "1",
                            "statement.0.actions.#": "11",
                            "statement.0.actions.1197406200": "rds:Describe*",
                            "statement.0.actions.1269885733": "elasticache:Describe*",
                            "statement.0.actions.1714103383": "rds:ListTagsForResource",
                            "statement.0.actions.1802654865": "ec2:DescribeAccountAttributes",
                            "statement.0.actions.234287718": "cloudwatch:GetMetricStatistics",
                            "statement.0.actions.2772249080": "ec2:DescribeVpcs",
                            "statement.0.actions.3341951797": "logs:GetLogEvents",
                            "statement.0.actions.3697566380": "logs:DescribeLogStreams",
                            "statement.0.actions.4132064242": "ec2:Owner",
                            "statement.0.actions.681815053": "ec2:DescribeAvailabilityZones",
                            "statement.0.actions.70881040": "ec2:DescribeSecurityGroups",
                            "statement.0.condition.#": "0",
                            "statement.0.effect": "Allow",
                            "statement.0.not_actions.#": "0",
                            "statement.0.not_principals.#": "0",
                            "statement.0.not_resources.#": "0",
                            "statement.0.principals.#": "0",
                            "statement.0.resources.#": "1",
                            "statement.0.resources.2679715827": "*",
                            "statement.0.sid": ""
                        },
                        "meta": {},
                        "tainted": false
                    },
                    "deposed": [],
                    "provider": "provider.aws"
                },
                "data.aws_iam_policy_document.role-policy-document": {
                    "type": "aws_iam_policy_document",
                    "depends_on": [],
                    "primary": {
                        "id": "1903849331",
                        "attributes": {
                            "id": "1903849331",
                            "json": "{\n  \"Version\": \"2012-10-17\",\n  \"Statement\": [\n    {\n      \"Sid\": \"\",\n      \"Effect\": \"Allow\",\n      \"Action\": \"sts:AssumeRole\",\n      \"Principal\": {\n        \"Service\": \"ec2.amazonaws.com\"\n      }\n    }\n  ]\n}",
                            "statement.#": "1",
                            "statement.0.actions.#": "1",
                            "statement.0.actions.2528466339": "sts:AssumeRole",
                            "statement.0.condition.#": "0",
                            "statement.0.effect": "Allow",
                            "statement.0.not_actions.#": "0",
                            "statement.0.not_principals.#": "0",
                            "statement.0.not_resources.#": "0",
                            "statement.0.principals.#": "1",
                            "statement.0.principals.1134724139.identifiers.#": "1",
                            "statement.0.principals.1134724139.identifiers.3655884555": "ec2.amazonaws.com",
                            "statement.0.principals.1134724139.type": "Service",
                            "statement.0.resources.#": "0",
                            "statement.0.sid": ""
                        },
                        "meta": {},
                        "tainted": false
                    },
                    "deposed": [],
                    "provider": "provider.aws"
                }
            },
            "depends_on": []
        },
        {
            "path": [
                "root",
                "vpc"
            ],
            "outputs": {
                "default_network_acl_id": {
                    "sensitive": false,
                    "type": "string",
                    "value": "acl-2a620251"
                },
                "default_security_group_id": {
                    "sensitive": false,
                    "type": "string",
                    "value": "sg-5c92632b"
                },
                "gateway_id": {
                    "sensitive": false,
                    "type": "string",
                    "value": "igw-b36964ca"
                },
                "instance_tenancy": {
                    "sensitive": false,
                    "type": "string",
                    "value": "default"
                },
                "nat_eips": {
                    "sensitive": false,
                    "type": "list",
                    "value": []
                },
                "nat_eips_public_ips": {
                    "sensitive": false,
                    "type": "list",
                    "value": []
                },
                "natgw_ids": {
                    "sensitive": false,
                    "type": "list",
                    "value": []
                },
                "private_route_table_ids": {
                    "sensitive": false,
                    "type": "list",
                    "value": [
                        "rtb-f4d2f089",
                        "rtb-b3f8dace"
                    ]
                },
                "public_route_table_ids": {
                    "sensitive": false,
                    "type": "list",
                    "value": [
                        "rtb-d5c2e0a8"
                    ]
                },
                "security_group_id": {
                    "sensitive": false,
                    "type": "string",
                    "value": "sg-fb92638c"
                },
                "vgw_id": {
                    "sensitive": false,
                    "type": "string",
                    "value": ""
                },
                "vpc-privatesubnet-ids": {
                    "sensitive": false,
                    "type": "list",
                    "value": [
                        "subnet-25660f78"
                    ]
                },
                "vpc-privatesubnets": {
                    "sensitive": false,
                    "type": "list",
                    "value": [
                        "172.31.64.0/20"
                    ]
                },
                "vpc-publicsubnet-id_0": {
                    "sensitive": false,
                    "type": "string",
                    "value": "subnet-ff7b12a2"
                },
                "vpc-publicsubnet-ids": {
                    "sensitive": false,
                    "type": "list",
                    "value": [
                        "subnet-ff7b12a2"
                    ]
                },
                "vpc-publicsubnets": {
                    "sensitive": false,
                    "type": "list",
                    "value": [
                        "172.31.0.0/20"
                    ]
                },
                "vpc_cidr_block": {
                    "sensitive": false,
                    "type": "string",
                    "value": "172.31.0.0/16"
                },
                "vpc_id": {
                    "sensitive": false,
                    "type": "string",
                    "value": "vpc-ffd4c987"
                }
            },
            "resources": {
                "aws_internet_gateway.internet_gw": {
                    "type": "aws_internet_gateway",
                    "depends_on": [
                        "aws_vpc.vpc"
                    ],
                    "primary": {
                        "id": "igw-b36964ca",
                        "attributes": {
                            "id": "igw-b36964ca",
                            "tags.%": "4",
                            "tags.Createdby": "Vitaliy Natarov",
                            "tags.Environment": "PROD",
                            "tags.Name": "internet-gateway to main-vpc-PROD",
                            "tags.Orchestration": "Terraform",
                            "vpc_id": "vpc-ffd4c987"
                        },
                        "meta": {},
                        "tainted": false
                    },
                    "deposed": [],
                    "provider": "provider.aws"
                },
                "aws_route.public_internet_gateway": {
                    "type": "aws_route",
                    "depends_on": [
                        "aws_internet_gateway.internet_gw",
                        "aws_route_table.public_route_tables"
                    ],
                    "primary": {
                        "id": "r-rtb-d5c2e0a81080289494",
                        "attributes": {
                            "destination_cidr_block": "0.0.0.0/0",
                            "destination_prefix_list_id": "",
                            "egress_only_gateway_id": "",
                            "gateway_id": "igw-b36964ca",
                            "id": "r-rtb-d5c2e0a81080289494",
                            "instance_id": "",
                            "instance_owner_id": "",
                            "nat_gateway_id": "",
                            "network_interface_id": "",
                            "origin": "CreateRoute",
                            "route_table_id": "rtb-d5c2e0a8",
                            "state": "active",
                            "vpc_peering_connection_id": ""
                        },
                        "meta": {},
                        "tainted": false
                    },
                    "deposed": [],
                    "provider": "provider.aws"
                },
                "aws_route_table.private_route_tables.0": {
                    "type": "aws_route_table",
                    "depends_on": [
                        "aws_vpc.vpc"
                    ],
                    "primary": {
                        "id": "rtb-f4d2f089",
                        "attributes": {
                            "id": "rtb-f4d2f089",
                            "propagating_vgws.#": "0",
                            "route.#": "0",
                            "tags.%": "4",
                            "tags.Createdby": "Vitaliy Natarov",
                            "tags.Environment": "PROD",
                            "tags.Name": "private_route_tables",
                            "tags.Orchestration": "Terraform",
                            "vpc_id": "vpc-ffd4c987"
                        },
                        "meta": {},
                        "tainted": false
                    },
                    "deposed": [],
                    "provider": "provider.aws"
                },
                "aws_route_table.private_route_tables.1": {
                    "type": "aws_route_table",
                    "depends_on": [
                        "aws_vpc.vpc"
                    ],
                    "primary": {
                        "id": "rtb-b3f8dace",
                        "attributes": {
                            "id": "rtb-b3f8dace",
                            "propagating_vgws.#": "0",
                            "route.#": "0",
                            "tags.%": "4",
                            "tags.Createdby": "Vitaliy Natarov",
                            "tags.Environment": "PROD",
                            "tags.Name": "private_route_tables",
                            "tags.Orchestration": "Terraform",
                            "vpc_id": "vpc-ffd4c987"
                        },
                        "meta": {},
                        "tainted": false
                    },
                    "deposed": [],
                    "provider": "provider.aws"
                },
                "aws_route_table.public_route_tables": {
                    "type": "aws_route_table",
                    "depends_on": [
                        "aws_vpc.vpc"
                    ],
                    "primary": {
                        "id": "rtb-d5c2e0a8",
                        "attributes": {
                            "id": "rtb-d5c2e0a8",
                            "propagating_vgws.#": "0",
                            "route.#": "0",
                            "tags.%": "4",
                            "tags.Createdby": "Vitaliy Natarov",
                            "tags.Environment": "PROD",
                            "tags.Name": "public_route_tables",
                            "tags.Orchestration": "Terraform",
                            "vpc_id": "vpc-ffd4c987"
                        },
                        "meta": {},
                        "tainted": false
                    },
                    "deposed": [],
                    "provider": "provider.aws"
                },
                "aws_route_table_association.private_route_table_associations": {
                    "type": "aws_route_table_association",
                    "depends_on": [
                        "aws_route_table.private_route_tables",
                        "aws_route_table.private_route_tables.*",
                        "aws_subnet.private_subnets",
                        "aws_subnet.private_subnets.*"
                    ],
                    "primary": {
                        "id": "rtbassoc-28a11c54",
                        "attributes": {
                            "id": "rtbassoc-28a11c54",
                            "route_table_id": "rtb-f4d2f089",
                            "subnet_id": "subnet-25660f78"
                        },
                        "meta": {},
                        "tainted": false
                    },
                    "deposed": [],
                    "provider": "provider.aws"
                },
                "aws_route_table_association.public_route_table_associations": {
                    "type": "aws_route_table_association",
                    "depends_on": [
                        "aws_route_table.public_route_tables",
                        "aws_subnet.public_subnets",
                        "aws_subnet.public_subnets.*"
                    ],
                    "primary": {
                        "id": "rtbassoc-17b10c6b",
                        "attributes": {
                            "id": "rtbassoc-17b10c6b",
                            "route_table_id": "rtb-d5c2e0a8",
                            "subnet_id": "subnet-ff7b12a2"
                        },
                        "meta": {},
                        "tainted": false
                    },
                    "deposed": [],
                    "provider": "provider.aws"
                },
                "aws_security_group.sg": {
                    "type": "aws_security_group",
                    "depends_on": [
                        "aws_vpc.vpc"
                    ],
                    "primary": {
                        "id": "sg-fb92638c",
                        "attributes": {
                            "description": "Security Group main-sg-PROD",
                            "egress.#": "1",
                            "egress.2541437006.cidr_blocks.#": "1",
                            "egress.2541437006.cidr_blocks.0": "0.0.0.0/0",
                            "egress.2541437006.description": "",
                            "egress.2541437006.from_port": "22",
                            "egress.2541437006.ipv6_cidr_blocks.#": "0",
                            "egress.2541437006.prefix_list_ids.#": "0",
                            "egress.2541437006.protocol": "tcp",
                            "egress.2541437006.security_groups.#": "0",
                            "egress.2541437006.self": "false",
                            "egress.2541437006.to_port": "22",
                            "id": "sg-fb92638c",
                            "ingress.#": "1",
                            "ingress.2541437006.cidr_blocks.#": "1",
                            "ingress.2541437006.cidr_blocks.0": "0.0.0.0/0",
                            "ingress.2541437006.description": "",
                            "ingress.2541437006.from_port": "22",
                            "ingress.2541437006.ipv6_cidr_blocks.#": "0",
                            "ingress.2541437006.protocol": "tcp",
                            "ingress.2541437006.security_groups.#": "0",
                            "ingress.2541437006.self": "false",
                            "ingress.2541437006.to_port": "22",
                            "name": "main-sg-PROD",
                            "owner_id": "316963130188",
                            "revoke_rules_on_delete": "false",
                            "tags.%": "4",
                            "tags.Createdby": "Vitaliy Natarov",
                            "tags.Environment": "PROD",
                            "tags.Name": "main-sg-PROD",
                            "tags.Orchestration": "Terraform",
                            "vpc_id": "vpc-ffd4c987"
                        },
                        "meta": {
                            "schema_version": "1"
                        },
                        "tainted": false
                    },
                    "deposed": [],
                    "provider": "provider.aws"
                },
                "aws_security_group_rule.default_egress": {
                    "type": "aws_security_group_rule",
                    "depends_on": [
                        "aws_security_group.sg"
                    ],
                    "primary": {
                        "id": "sgrule-3147377428",
                        "attributes": {
                            "cidr_blocks.#": "1",
                            "cidr_blocks.0": "0.0.0.0/0",
                            "from_port": "0",
                            "id": "sgrule-3147377428",
                            "protocol": "-1",
                            "security_group_id": "sg-fb92638c",
                            "self": "false",
                            "to_port": "0",
                            "type": "egress"
                        },
                        "meta": {
                            "schema_version": "2"
                        },
                        "tainted": false
                    },
                    "deposed": [],
                    "provider": "provider.aws"
                },
                "aws_security_group_rule.icmp-self": {
                    "type": "aws_security_group_rule",
                    "depends_on": [
                        "aws_security_group.sg"
                    ],
                    "primary": {
                        "id": "sgrule-1674838748",
                        "attributes": {
                            "from_port": "-1",
                            "id": "sgrule-1674838748",
                            "protocol": "icmp",
                            "security_group_id": "sg-fb92638c",
                            "self": "true",
                            "to_port": "-1",
                            "type": "ingress"
                        },
                        "meta": {
                            "schema_version": "2"
                        },
                        "tainted": false
                    },
                    "deposed": [],
                    "provider": "provider.aws"
                },
                "aws_security_group_rule.ingress_ports.0": {
                    "type": "aws_security_group_rule",
                    "depends_on": [
                        "aws_security_group.sg"
                    ],
                    "primary": {
                        "id": "sgrule-2017787284",
                        "attributes": {
                            "cidr_blocks.#": "1",
                            "cidr_blocks.0": "0.0.0.0/0",
                            "from_port": "9300",
                            "id": "sgrule-2017787284",
                            "protocol": "tcp",
                            "security_group_id": "sg-fb92638c",
                            "self": "false",
                            "to_port": "9300",
                            "type": "ingress"
                        },
                        "meta": {
                            "schema_version": "2"
                        },
                        "tainted": false
                    },
                    "deposed": [],
                    "provider": "provider.aws"
                },
                "aws_security_group_rule.ingress_ports.1": {
                    "type": "aws_security_group_rule",
                    "depends_on": [
                        "aws_security_group.sg"
                    ],
                    "primary": {
                        "id": "sgrule-833831244",
                        "attributes": {
                            "cidr_blocks.#": "1",
                            "cidr_blocks.0": "0.0.0.0/0",
                            "from_port": "3272",
                            "id": "sgrule-833831244",
                            "protocol": "tcp",
                            "security_group_id": "sg-fb92638c",
                            "self": "false",
                            "to_port": "3272",
                            "type": "ingress"
                        },
                        "meta": {
                            "schema_version": "2"
                        },
                        "tainted": false
                    },
                    "deposed": [],
                    "provider": "provider.aws"
                },
                "aws_security_group_rule.ingress_ports.2": {
                    "type": "aws_security_group_rule",
                    "depends_on": [
                        "aws_security_group.sg"
                    ],
                    "primary": {
                        "id": "sgrule-1289169002",
                        "attributes": {
                            "cidr_blocks.#": "1",
                            "cidr_blocks.0": "0.0.0.0/0",
                            "from_port": "8888",
                            "id": "sgrule-1289169002",
                            "protocol": "tcp",
                            "security_group_id": "sg-fb92638c",
                            "self": "false",
                            "to_port": "8888",
                            "type": "ingress"
                        },
                        "meta": {
                            "schema_version": "2"
                        },
                        "tainted": false
                    },
                    "deposed": [],
                    "provider": "provider.aws"
                },
                "aws_security_group_rule.ingress_ports.3": {
                    "type": "aws_security_group_rule",
                    "depends_on": [
                        "aws_security_group.sg"
                    ],
                    "primary": {
                        "id": "sgrule-590362683",
                        "attributes": {
                            "cidr_blocks.#": "1",
                            "cidr_blocks.0": "0.0.0.0/0",
                            "from_port": "8444",
                            "id": "sgrule-590362683",
                            "protocol": "tcp",
                            "security_group_id": "sg-fb92638c",
                            "self": "false",
                            "to_port": "8444",
                            "type": "ingress"
                        },
                        "meta": {
                            "schema_version": "2"
                        },
                        "tainted": false
                    },
                    "deposed": [],
                    "provider": "provider.aws"
                },
                "aws_subnet.private_subnets": {
                    "type": "aws_subnet",
                    "depends_on": [
                        "aws_vpc.vpc"
                    ],
                    "primary": {
                        "id": "subnet-25660f78",
                        "attributes": {
                            "assign_ipv6_address_on_creation": "false",
                            "availability_zone": "us-east-1a",
                            "cidr_block": "172.31.64.0/20",
                            "id": "subnet-25660f78",
                            "map_public_ip_on_launch": "false",
                            "tags.%": "4",
                            "tags.Createdby": "Vitaliy Natarov",
                            "tags.Environment": "PROD",
                            "tags.Name": "private_subnet-us-east-1a",
                            "tags.Orchestration": "Terraform",
                            "vpc_id": "vpc-ffd4c987"
                        },
                        "meta": {
                            "schema_version": "1"
                        },
                        "tainted": false
                    },
                    "deposed": [],
                    "provider": "provider.aws"
                },
                "aws_subnet.public_subnets": {
                    "type": "aws_subnet",
                    "depends_on": [
                        "aws_vpc.vpc"
                    ],
                    "primary": {
                        "id": "subnet-ff7b12a2",
                        "attributes": {
                            "assign_ipv6_address_on_creation": "false",
                            "availability_zone": "us-east-1a",
                            "cidr_block": "172.31.0.0/20",
                            "id": "subnet-ff7b12a2",
                            "map_public_ip_on_launch": "true",
                            "tags.%": "4",
                            "tags.Createdby": "Vitaliy Natarov",
                            "tags.Environment": "PROD",
                            "tags.Name": "public_subnet-us-east-1a",
                            "tags.Orchestration": "Terraform",
                            "vpc_id": "vpc-ffd4c987"
                        },
                        "meta": {
                            "schema_version": "1"
                        },
                        "tainted": false
                    },
                    "deposed": [],
                    "provider": "provider.aws"
                },
                "aws_vpc.vpc": {
                    "type": "aws_vpc",
                    "depends_on": [],
                    "primary": {
                        "id": "vpc-ffd4c987",
                        "attributes": {
                            "assign_generated_ipv6_cidr_block": "false",
                            "cidr_block": "172.31.0.0/16",
                            "default_network_acl_id": "acl-2a620251",
                            "default_route_table_id": "rtb-0af4d677",
                            "default_security_group_id": "sg-5c92632b",
                            "dhcp_options_id": "dopt-ffd10f99",
                            "enable_classiclink": "false",
                            "enable_classiclink_dns_support": "false",
                            "enable_dns_hostnames": "true",
                            "enable_dns_support": "true",
                            "id": "vpc-ffd4c987",
                            "instance_tenancy": "default",
                            "main_route_table_id": "rtb-0af4d677",
                            "tags.%": "4",
                            "tags.Createdby": "Vitaliy Natarov",
                            "tags.Environment": "PROD",
                            "tags.Name": "main-vpc-prod",
                            "tags.Orchestration": "Terraform"
                        },
                        "meta": {
                            "schema_version": "1"
                        },
                        "tainted": false
                    },
                    "deposed": [],
                    "provider": "provider.aws"
                }
            },
            "depends_on": []
        }
    ]
}
