{
  "version": 4,
  "terraform_version": "0.12.24",
  "serial": 210,
  "lineage": "f507ab1e-afa7-1df8-38f1-a31722c455b7",
  "outputs": {},
  "resources": [
    {
      "module": "module.vpc_default",
      "mode": "managed",
      "type": "aws_default_network_acl",
      "name": "default_network_acl",
      "each": "list",
      "provider": "provider.aws",
      "instances": [
        {
          "index_key": 0,
          "schema_version": 0,
          "attributes": {
            "default_network_acl_id": "acl-0a6219534578926bd",
            "egress": [
              {
                "action": "allow",
                "cidr_block": "0.0.0.0/0",
                "from_port": 0,
                "icmp_code": 0,
                "icmp_type": 0,
                "ipv6_cidr_block": "",
                "protocol": "-1",
                "rule_no": 100,
                "to_port": 0
              }
            ],
            "id": "acl-0a6219534578926bd",
            "ingress": [
              {
                "action": "allow",
                "cidr_block": "172.31.0.0/16",
                "from_port": 0,
                "icmp_code": 0,
                "icmp_type": 0,
                "ipv6_cidr_block": "",
                "protocol": "-1",
                "rule_no": 100,
                "to_port": 0
              }
            ],
            "owner_id": "167127734783",
            "subnet_ids": [],
            "tags": {
              "Name": "default",
              "Orchestration": "Terraform"
            },
            "vpc_id": "vpc-0169e5488b822e9d1"
          },
          "private": "bnVsbA==",
          "dependencies": [
            "module.vpc_default.aws_default_vpc.default_vpc"
          ]
        }
      ]
    },
    {
      "module": "module.vpc_default",
      "mode": "managed",
      "type": "aws_default_route_table",
      "name": "default_route_table",
      "each": "list",
      "provider": "provider.aws",
      "instances": [
        {
          "index_key": 0,
          "schema_version": 0,
          "attributes": {
            "default_route_table_id": "rtb-0351cd6eec54f4f06",
            "id": "rtb-0351cd6eec54f4f06",
            "owner_id": "167127734783",
            "propagating_vgws": [],
            "route": [],
            "tags": {
              "Name": "",
              "Orchestration": "Terraform"
            },
            "vpc_id": "vpc-0169e5488b822e9d1"
          },
          "private": "bnVsbA==",
          "dependencies": [
            "module.vpc_default.aws_default_vpc.default_vpc"
          ]
        }
      ]
    },
    {
      "module": "module.vpc_default",
      "mode": "managed",
      "type": "aws_default_security_group",
      "name": "default_security_group",
      "each": "list",
      "provider": "provider.aws",
      "instances": [
        {
          "index_key": 0,
          "schema_version": 1,
          "attributes": {
            "arn": "arn:aws:ec2:us-east-1:167127734783:security-group/sg-0864424a16574b42c",
            "description": "default VPC security group",
            "egress": [
              {
                "cidr_blocks": [
                  "0.0.0.0/0"
                ],
                "description": "",
                "from_port": 0,
                "ipv6_cidr_blocks": [],
                "prefix_list_ids": [],
                "protocol": "-1",
                "security_groups": [],
                "self": false,
                "to_port": 0
              }
            ],
            "id": "sg-0864424a16574b42c",
            "ingress": [
              {
                "cidr_blocks": [],
                "description": "",
                "from_port": 0,
                "ipv6_cidr_blocks": [],
                "prefix_list_ids": [],
                "protocol": "-1",
                "security_groups": [],
                "self": true,
                "to_port": 0
              }
            ],
            "name": "default",
            "owner_id": "167127734783",
            "revoke_rules_on_delete": false,
            "tags": {
              "Name": "default",
              "Orchestration": "Terraform"
            },
            "timeouts": null,
            "vpc_id": "vpc-0169e5488b822e9d1"
          },
          "private": "eyJlMmJmYjczMC1lY2FhLTExZTYtOGY4OC0zNDM2M2JjN2M0YzAiOnsiY3JlYXRlIjo2MDAwMDAwMDAwMDAsImRlbGV0ZSI6NjAwMDAwMDAwMDAwfSwic2NoZW1hX3ZlcnNpb24iOiIxIn0=",
          "dependencies": [
            "module.vpc_default.aws_default_vpc.default_vpc"
          ]
        }
      ]
    },
    {
      "module": "module.vpc_default",
      "mode": "managed",
      "type": "aws_default_subnet",
      "name": "default_subnet",
      "each": "list",
      "provider": "provider.aws",
      "instances": [
        {
          "index_key": 0,
          "schema_version": 1,
          "attributes": {
            "arn": "arn:aws:ec2:us-east-1:167127734783:subnet/subnet-07890b721d5ec260d",
            "assign_ipv6_address_on_creation": false,
            "availability_zone": "us-east-1a",
            "availability_zone_id": "use1-az2",
            "cidr_block": "172.31.80.0/20",
            "id": "subnet-07890b721d5ec260d",
            "ipv6_cidr_block": "",
            "ipv6_cidr_block_association_id": "",
            "map_public_ip_on_launch": true,
            "owner_id": "167127734783",
            "tags": {
              "Name": "Default subnet for us-east-1a",
              "Orchestration": "Terraform"
            },
            "timeouts": null,
            "vpc_id": "vpc-0169e5488b822e9d1"
          },
          "private": "eyJlMmJmYjczMC1lY2FhLTExZTYtOGY4OC0zNDM2M2JjN2M0YzAiOnsiY3JlYXRlIjo2MDAwMDAwMDAwMDAsImRlbGV0ZSI6MTIwMDAwMDAwMDAwMH0sInNjaGVtYV92ZXJzaW9uIjoiMSJ9"
        },
        {
          "index_key": 1,
          "schema_version": 1,
          "attributes": {
            "arn": "arn:aws:ec2:us-east-1:167127734783:subnet/subnet-0089ccd5aa3140255",
            "assign_ipv6_address_on_creation": false,
            "availability_zone": "us-east-1b",
            "availability_zone_id": "use1-az4",
            "cidr_block": "172.31.16.0/20",
            "id": "subnet-0089ccd5aa3140255",
            "ipv6_cidr_block": "",
            "ipv6_cidr_block_association_id": "",
            "map_public_ip_on_launch": true,
            "owner_id": "167127734783",
            "tags": {
              "Name": "Default subnet for us-east-1b",
              "Orchestration": "Terraform"
            },
            "timeouts": null,
            "vpc_id": "vpc-0169e5488b822e9d1"
          },
          "private": "eyJlMmJmYjczMC1lY2FhLTExZTYtOGY4OC0zNDM2M2JjN2M0YzAiOnsiY3JlYXRlIjo2MDAwMDAwMDAwMDAsImRlbGV0ZSI6MTIwMDAwMDAwMDAwMH0sInNjaGVtYV92ZXJzaW9uIjoiMSJ9"
        },
        {
          "index_key": 2,
          "schema_version": 1,
          "attributes": {
            "arn": "arn:aws:ec2:us-east-1:167127734783:subnet/subnet-0f1bcceb4fb37c76c",
            "assign_ipv6_address_on_creation": false,
            "availability_zone": "us-east-1c",
            "availability_zone_id": "use1-az6",
            "cidr_block": "172.31.32.0/20",
            "id": "subnet-0f1bcceb4fb37c76c",
            "ipv6_cidr_block": "",
            "ipv6_cidr_block_association_id": "",
            "map_public_ip_on_launch": true,
            "owner_id": "167127734783",
            "tags": {
              "Name": "Default subnet for us-east-1c",
              "Orchestration": "Terraform"
            },
            "timeouts": null,
            "vpc_id": "vpc-0169e5488b822e9d1"
          },
          "private": "eyJlMmJmYjczMC1lY2FhLTExZTYtOGY4OC0zNDM2M2JjN2M0YzAiOnsiY3JlYXRlIjo2MDAwMDAwMDAwMDAsImRlbGV0ZSI6MTIwMDAwMDAwMDAwMH0sInNjaGVtYV92ZXJzaW9uIjoiMSJ9"
        },
        {
          "index_key": 3,
          "schema_version": 1,
          "attributes": {
            "arn": "arn:aws:ec2:us-east-1:167127734783:subnet/subnet-0db5e7e527cb15c2c",
            "assign_ipv6_address_on_creation": false,
            "availability_zone": "us-east-1d",
            "availability_zone_id": "use1-az1",
            "cidr_block": "172.31.0.0/20",
            "id": "subnet-0db5e7e527cb15c2c",
            "ipv6_cidr_block": "",
            "ipv6_cidr_block_association_id": "",
            "map_public_ip_on_launch": true,
            "owner_id": "167127734783",
            "tags": {
              "Name": "Default subnet for us-east-1d",
              "Orchestration": "Terraform"
            },
            "timeouts": null,
            "vpc_id": "vpc-0169e5488b822e9d1"
          },
          "private": "eyJlMmJmYjczMC1lY2FhLTExZTYtOGY4OC0zNDM2M2JjN2M0YzAiOnsiY3JlYXRlIjo2MDAwMDAwMDAwMDAsImRlbGV0ZSI6MTIwMDAwMDAwMDAwMH0sInNjaGVtYV92ZXJzaW9uIjoiMSJ9"
        },
        {
          "index_key": 4,
          "schema_version": 1,
          "attributes": {
            "arn": "arn:aws:ec2:us-east-1:167127734783:subnet/subnet-0e9b948d13087c8fc",
            "assign_ipv6_address_on_creation": false,
            "availability_zone": "us-east-1e",
            "availability_zone_id": "use1-az3",
            "cidr_block": "172.31.48.0/20",
            "id": "subnet-0e9b948d13087c8fc",
            "ipv6_cidr_block": "",
            "ipv6_cidr_block_association_id": "",
            "map_public_ip_on_launch": true,
            "owner_id": "167127734783",
            "tags": {
              "Name": "Default subnet for us-east-1e",
              "Orchestration": "Terraform"
            },
            "timeouts": null,
            "vpc_id": "vpc-0169e5488b822e9d1"
          },
          "private": "eyJlMmJmYjczMC1lY2FhLTExZTYtOGY4OC0zNDM2M2JjN2M0YzAiOnsiY3JlYXRlIjo2MDAwMDAwMDAwMDAsImRlbGV0ZSI6MTIwMDAwMDAwMDAwMH0sInNjaGVtYV92ZXJzaW9uIjoiMSJ9"
        },
        {
          "index_key": 5,
          "schema_version": 1,
          "attributes": {
            "arn": "arn:aws:ec2:us-east-1:167127734783:subnet/subnet-001d680f25caa8abd",
            "assign_ipv6_address_on_creation": false,
            "availability_zone": "us-east-1f",
            "availability_zone_id": "use1-az5",
            "cidr_block": "172.31.64.0/20",
            "id": "subnet-001d680f25caa8abd",
            "ipv6_cidr_block": "",
            "ipv6_cidr_block_association_id": "",
            "map_public_ip_on_launch": true,
            "owner_id": "167127734783",
            "tags": {
              "Name": "Default subnet for us-east-1f",
              "Orchestration": "Terraform"
            },
            "timeouts": null,
            "vpc_id": "vpc-0169e5488b822e9d1"
          },
          "private": "eyJlMmJmYjczMC1lY2FhLTExZTYtOGY4OC0zNDM2M2JjN2M0YzAiOnsiY3JlYXRlIjo2MDAwMDAwMDAwMDAsImRlbGV0ZSI6MTIwMDAwMDAwMDAwMH0sInNjaGVtYV92ZXJzaW9uIjoiMSJ9"
        }
      ]
    },
    {
      "module": "module.vpc_default",
      "mode": "managed",
      "type": "aws_default_vpc",
      "name": "default_vpc",
      "each": "list",
      "provider": "provider.aws",
      "instances": [
        {
          "index_key": 0,
          "schema_version": 1,
          "attributes": {
            "arn": "arn:aws:ec2:us-east-1:167127734783:vpc/vpc-0169e5488b822e9d1",
            "assign_generated_ipv6_cidr_block": false,
            "cidr_block": "172.31.0.0/16",
            "default_network_acl_id": "acl-0a6219534578926bd",
            "default_route_table_id": "rtb-0351cd6eec54f4f06",
            "default_security_group_id": "sg-0864424a16574b42c",
            "dhcp_options_id": "dopt-0f4336577ce972686",
            "enable_classiclink": false,
            "enable_classiclink_dns_support": false,
            "enable_dns_hostnames": true,
            "enable_dns_support": true,
            "id": "vpc-0169e5488b822e9d1",
            "instance_tenancy": "default",
            "ipv6_association_id": "",
            "ipv6_cidr_block": "",
            "main_route_table_id": "rtb-0351cd6eec54f4f06",
            "owner_id": "167127734783",
            "tags": {
              "Name": "Default VPC",
              "Orchestration": "Terraform"
            }
          },
          "private": "eyJzY2hlbWFfdmVyc2lvbiI6IjEifQ=="
        }
      ]
    },
    {
      "module": "module.vpc_default",
      "mode": "managed",
      "type": "aws_default_vpc_dhcp_options",
      "name": "default_vpc_dhcp_options",
      "each": "list",
      "provider": "provider.aws",
      "instances": [
        {
          "index_key": 0,
          "schema_version": 0,
          "attributes": {
            "domain_name": "ec2.internal",
            "domain_name_servers": "AmazonProvidedDNS",
            "id": "dopt-0f4336577ce972686",
            "netbios_name_servers": null,
            "netbios_node_type": null,
            "ntp_servers": null,
            "owner_id": "167127734783",
            "tags": {
              "Name": "Default DHCP Option Set",
              "Orchestration": "Terraform"
            }
          },
          "private": "bnVsbA=="
        }
      ]
    }
  ]
}
