{
  "version": 4,
  "terraform_version": "0.12.24",
  "serial": 3,
  "lineage": "cd5033b4-ce1c-c70b-e740-05c7a98bd84a",
  "outputs": {},
  "resources": [
    {
      "module": "module.vpc_network_interface",
      "mode": "managed",
      "type": "aws_network_interface",
      "name": "network_interface",
      "each": "list",
      "provider": "provider.aws",
      "instances": [
        {
          "index_key": 0,
          "schema_version": 0,
          "attributes": {
            "attachment": [],
            "description": "",
            "id": "eni-07fa5981550725248",
            "mac_address": "12:5e:3c:66:d2:83",
            "private_dns_name": "ip-172-31-80-113.ec2.internal",
            "private_ip": "172.31.80.113",
            "private_ips": [
              "172.31.80.113"
            ],
            "private_ips_count": 0,
            "security_groups": [
              "sg-027f744d00f5611fb"
            ],
            "source_dest_check": true,
            "subnet_id": "subnet-0f1fb26a610ee91b0",
            "tags": {
              "Name": "test-eni-stage",
              "Orchestration": "Terraform"
            }
          },
          "private": "bnVsbA=="
        }
      ]
    },
    {
      "module": "module.vpc_network_interface",
      "mode": "managed",
      "type": "aws_network_interface_attachment",
      "name": "network_interface_attachment",
      "each": "list",
      "provider": "provider.aws",
      "instances": []
    },
    {
      "module": "module.vpc_network_interface",
      "mode": "managed",
      "type": "aws_network_interface_sg_attachment",
      "name": "network_interface_sg_attachment",
      "each": "list",
      "provider": "provider.aws",
      "instances": []
    }
  ]
}
